
Microsoft Visual Studio Solution File, Format Version 12.00
# Visual Studio Version 17
VisualStudioVersion = 17.5.2.0
MinimumVisualStudioVersion = 10.0.40219.1
Project("{2150E333-8FDC-42A3-9474-1A3956D46DE8}") = "Desenvolvimento-de-Sistemas-1", "Desenvolvimento-de-Sistemas-1", "{7E972F6F-9953-F664-EF02-D3FB71CACF41}"
EndProject
Project("{FAE04EC0-301F-11D3-BF4B-00C04F79EFBC}") = "HelloWorld", "Desenvolvimento-de-Sistemas-1\HelloWorld\HelloWorld.csproj", "{981C88E2-F9A1-250F-10AE-8A1335F761B5}"
EndProject
Project("{FAE04EC0-301F-11D3-BF4B-00C04F79EFBC}") = "Tupla", "Desenvolvimento-de-Sistemas-1\Tupla\Tupla.csproj", "{00262F8F-5F1D-4B02-84D1-0329D9FAC58C}"
EndProject
Project("{FAE04EC0-301F-11D3-BF4B-00C04F79EFBC}") = "MediaFinal", "Desenvolvimento-de-Sistemas-1\MediaFinal\MediaFinal.csproj", "{E922F2AC-C6F7-4F8D-BFDA-AD8E88A7B45C}"
EndProject
Project("{FAE04EC0-301F-11D3-BF4B-00C04F79EFBC}") = "Cultura", "Desenvolvimento-de-Sistemas-1\Cultura\Cultura.csproj", "{EC580483-C926-4163-B75E-D749AF45139F}"
EndProject
Project("{FAE04EC0-301F-11D3-BF4B-00C04F79EFBC}") = "NumerosSomaMultiplica", "Desenvolvimento-de-Sistemas-1\NumerosSomaMultiplica\NumerosSomaMultiplica.csproj", "{6F39B2E7-4FB2-47F4-B2E4-6CAFF8C2FA99}"
EndProject
Project("{FAE04EC0-301F-11D3-BF4B-00C04F79EFBC}") = "AnaliseValoresDecimais", "Desenvolvimento-de-Sistemas-1\AnaliseValoresDecimais\AnaliseValoresDecimais.csproj", "{55F8B38C-04B3-4188-855F-679C4DD3C624}"
EndProject
Project("{FAE04EC0-301F-11D3-BF4B-00C04F79EFBC}") = "OldNewSalary", "Desenvolvimento-de-Sistemas-1\OldNewSalary\OldNewSalary.csproj", "{37B63418-3A62-4C87-B37F-4A94FBDBE74B}"
EndProject
Project("{FAE04EC0-301F-11D3-BF4B-00C04F79EFBC}") = "AgoraEuEntendo", "Desenvolvimento-de-Sistemas-1\AgoraEuEntendo\AgoraEuEntendo.csproj", "{C48A71CD-EE39-4E42-AAE5-CDA609AFA157}"
EndProject
Global
	GlobalSection(SolutionConfigurationPlatforms) = preSolution
		Debug|Any CPU = Debug|Any CPU
		Debug|x64 = Debug|x64
		Debug|x86 = Debug|x86
		Release|Any CPU = Release|Any CPU
		Release|x64 = Release|x64
		Release|x86 = Release|x86
	EndGlobalSection
	GlobalSection(ProjectConfigurationPlatforms) = postSolution
		{981C88E2-F9A1-250F-10AE-8A1335F761B5}.Debug|Any CPU.ActiveCfg = Debug|Any CPU
		{981C88E2-F9A1-250F-10AE-8A1335F761B5}.Debug|Any CPU.Build.0 = Debug|Any CPU
		{981C88E2-F9A1-250F-10AE-8A1335F761B5}.Debug|x64.ActiveCfg = Debug|Any CPU
		{981C88E2-F9A1-250F-10AE-8A1335F761B5}.Debug|x64.Build.0 = Debug|Any CPU
		{981C88E2-F9A1-250F-10AE-8A1335F761B5}.Debug|x86.ActiveCfg = Debug|Any CPU
		{981C88E2-F9A1-250F-10AE-8A1335F761B5}.Debug|x86.Build.0 = Debug|Any CPU
		{981C88E2-F9A1-250F-10AE-8A1335F761B5}.Release|Any CPU.ActiveCfg = Release|Any CPU
		{981C88E2-F9A1-250F-10AE-8A1335F761B5}.Release|Any CPU.Build.0 = Release|Any CPU
		{981C88E2-F9A1-250F-10AE-8A1335F761B5}.Release|x64.ActiveCfg = Release|Any CPU
		{981C88E2-F9A1-250F-10AE-8A1335F761B5}.Release|x64.Build.0 = Release|Any CPU
		{981C88E2-F9A1-250F-10AE-8A1335F761B5}.Release|x86.ActiveCfg = Release|Any CPU
		{981C88E2-F9A1-250F-10AE-8A1335F761B5}.Release|x86.Build.0 = Release|Any CPU
		{00262F8F-5F1D-4B02-84D1-0329D9FAC58C}.Debug|Any CPU.ActiveCfg = Debug|Any CPU
		{00262F8F-5F1D-4B02-84D1-0329D9FAC58C}.Debug|Any CPU.Build.0 = Debug|Any CPU
		{00262F8F-5F1D-4B02-84D1-0329D9FAC58C}.Debug|x64.ActiveCfg = Debug|Any CPU
		{00262F8F-5F1D-4B02-84D1-0329D9FAC58C}.Debug|x64.Build.0 = Debug|Any CPU
		{00262F8F-5F1D-4B02-84D1-0329D9FAC58C}.Debug|x86.ActiveCfg = Debug|Any CPU
		{00262F8F-5F1D-4B02-84D1-0329D9FAC58C}.Debug|x86.Build.0 = Debug|Any CPU
		{00262F8F-5F1D-4B02-84D1-0329D9FAC58C}.Release|Any CPU.ActiveCfg = Release|Any CPU
		{00262F8F-5F1D-4B02-84D1-0329D9FAC58C}.Release|Any CPU.Build.0 = Release|Any CPU
		{00262F8F-5F1D-4B02-84D1-0329D9FAC58C}.Release|x64.ActiveCfg = Release|Any CPU
		{00262F8F-5F1D-4B02-84D1-0329D9FAC58C}.Release|x64.Build.0 = Release|Any CPU
		{00262F8F-5F1D-4B02-84D1-0329D9FAC58C}.Release|x86.ActiveCfg = Release|Any CPU
		{00262F8F-5F1D-4B02-84D1-0329D9FAC58C}.Release|x86.Build.0 = Release|Any CPU
		{E922F2AC-C6F7-4F8D-BFDA-AD8E88A7B45C}.Debug|Any CPU.ActiveCfg = Debug|Any CPU
		{E922F2AC-C6F7-4F8D-BFDA-AD8E88A7B45C}.Debug|Any CPU.Build.0 = Debug|Any CPU
		{E922F2AC-C6F7-4F8D-BFDA-AD8E88A7B45C}.Debug|x64.ActiveCfg = Debug|Any CPU
		{E922F2AC-C6F7-4F8D-BFDA-AD8E88A7B45C}.Debug|x64.Build.0 = Debug|Any CPU
		{E922F2AC-C6F7-4F8D-BFDA-AD8E88A7B45C}.Debug|x86.ActiveCfg = Debug|Any CPU
		{E922F2AC-C6F7-4F8D-BFDA-AD8E88A7B45C}.Debug|x86.Build.0 = Debug|Any CPU
		{E922F2AC-C6F7-4F8D-BFDA-AD8E88A7B45C}.Release|Any CPU.ActiveCfg = Release|Any CPU
		{E922F2AC-C6F7-4F8D-BFDA-AD8E88A7B45C}.Release|Any CPU.Build.0 = Release|Any CPU
		{E922F2AC-C6F7-4F8D-BFDA-AD8E88A7B45C}.Release|x64.ActiveCfg = Release|Any CPU
		{E922F2AC-C6F7-4F8D-BFDA-AD8E88A7B45C}.Release|x64.Build.0 = Release|Any CPU
		{E922F2AC-C6F7-4F8D-BFDA-AD8E88A7B45C}.Release|x86.ActiveCfg = Release|Any CPU
		{E922F2AC-C6F7-4F8D-BFDA-AD8E88A7B45C}.Release|x86.Build.0 = Release|Any CPU
		{EC580483-C926-4163-B75E-D749AF45139F}.Debug|Any CPU.ActiveCfg = Debug|Any CPU
		{EC580483-C926-4163-B75E-D749AF45139F}.Debug|Any CPU.Build.0 = Debug|Any CPU
		{EC580483-C926-4163-B75E-D749AF45139F}.Debug|x64.ActiveCfg = Debug|Any CPU
		{EC580483-C926-4163-B75E-D749AF45139F}.Debug|x64.Build.0 = Debug|Any CPU
		{EC580483-C926-4163-B75E-D749AF45139F}.Debug|x86.ActiveCfg = Debug|Any CPU
		{EC580483-C926-4163-B75E-D749AF45139F}.Debug|x86.Build.0 = Debug|Any CPU
		{EC580483-C926-4163-B75E-D749AF45139F}.Release|Any CPU.ActiveCfg = Release|Any CPU
		{EC580483-C926-4163-B75E-D749AF45139F}.Release|Any CPU.Build.0 = Release|Any CPU
		{EC580483-C926-4163-B75E-D749AF45139F}.Release|x64.ActiveCfg = Release|Any CPU
		{EC580483-C926-4163-B75E-D749AF45139F}.Release|x64.Build.0 = Release|Any CPU
		{EC580483-C926-4163-B75E-D749AF45139F}.Release|x86.ActiveCfg = Release|Any CPU
		{EC580483-C926-4163-B75E-D749AF45139F}.Release|x86.Build.0 = Release|Any CPU
		{6F39B2E7-4FB2-47F4-B2E4-6CAFF8C2FA99}.Debug|Any CPU.ActiveCfg = Debug|Any CPU
		{6F39B2E7-4FB2-47F4-B2E4-6CAFF8C2FA99}.Debug|Any CPU.Build.0 = Debug|Any CPU
		{6F39B2E7-4FB2-47F4-B2E4-6CAFF8C2FA99}.Debug|x64.ActiveCfg = Debug|Any CPU
		{6F39B2E7-4FB2-47F4-B2E4-6CAFF8C2FA99}.Debug|x64.Build.0 = Debug|Any CPU
		{6F39B2E7-4FB2-47F4-B2E4-6CAFF8C2FA99}.Debug|x86.ActiveCfg = Debug|Any CPU
		{6F39B2E7-4FB2-47F4-B2E4-6CAFF8C2FA99}.Debug|x86.Build.0 = Debug|Any CPU
		{6F39B2E7-4FB2-47F4-B2E4-6CAFF8C2FA99}.Release|Any CPU.ActiveCfg = Release|Any CPU
		{6F39B2E7-4FB2-47F4-B2E4-6CAFF8C2FA99}.Release|Any CPU.Build.0 = Release|Any CPU
		{6F39B2E7-4FB2-47F4-B2E4-6CAFF8C2FA99}.Release|x64.ActiveCfg = Release|Any CPU
		{6F39B2E7-4FB2-47F4-B2E4-6CAFF8C2FA99}.Release|x64.Build.0 = Release|Any CPU
		{6F39B2E7-4FB2-47F4-B2E4-6CAFF8C2FA99}.Release|x86.ActiveCfg = Release|Any CPU
		{6F39B2E7-4FB2-47F4-B2E4-6CAFF8C2FA99}.Release|x86.Build.0 = Release|Any CPU
		{55F8B38C-04B3-4188-855F-679C4DD3C624}.Debug|Any CPU.ActiveCfg = Debug|Any CPU
		{55F8B38C-04B3-4188-855F-679C4DD3C624}.Debug|Any CPU.Build.0 = Debug|Any CPU
		{55F8B38C-04B3-4188-855F-679C4DD3C624}.Debug|x64.ActiveCfg = Debug|Any CPU
		{55F8B38C-04B3-4188-855F-679C4DD3C624}.Debug|x64.Build.0 = Debug|Any CPU
		{55F8B38C-04B3-4188-855F-679C4DD3C624}.Debug|x86.ActiveCfg = Debug|Any CPU
		{55F8B38C-04B3-4188-855F-679C4DD3C624}.Debug|x86.Build.0 = Debug|Any CPU
		{55F8B38C-04B3-4188-855F-679C4DD3C624}.Release|Any CPU.ActiveCfg = Release|Any CPU
		{55F8B38C-04B3-4188-855F-679C4DD3C624}.Release|Any CPU.Build.0 = Release|Any CPU
		{55F8B38C-04B3-4188-855F-679C4DD3C624}.Release|x64.ActiveCfg = Release|Any CPU
		{55F8B38C-04B3-4188-855F-679C4DD3C624}.Release|x64.Build.0 = Release|Any CPU
		{55F8B38C-04B3-4188-855F-679C4DD3C624}.Release|x86.ActiveCfg = Release|Any CPU
		{55F8B38C-04B3-4188-855F-679C4DD3C624}.Release|x86.Build.0 = Release|Any CPU
		{37B63418-3A62-4C87-B37F-4A94FBDBE74B}.Debug|Any CPU.ActiveCfg = Debug|Any CPU
		{37B63418-3A62-4C87-B37F-4A94FBDBE74B}.Debug|Any CPU.Build.0 = Debug|Any CPU
		{37B63418-3A62-4C87-B37F-4A94FBDBE74B}.Debug|x64.ActiveCfg = Debug|Any CPU
		{37B63418-3A62-4C87-B37F-4A94FBDBE74B}.Debug|x64.Build.0 = Debug|Any CPU
		{37B63418-3A62-4C87-B37F-4A94FBDBE74B}.Debug|x86.ActiveCfg = Debug|Any CPU
		{37B63418-3A62-4C87-B37F-4A94FBDBE74B}.Debug|x86.Build.0 = Debug|Any CPU
		{37B63418-3A62-4C87-B37F-4A94FBDBE74B}.Release|Any CPU.ActiveCfg = Release|Any CPU
		{37B63418-3A62-4C87-B37F-4A94FBDBE74B}.Release|Any CPU.Build.0 = Release|Any CPU
		{37B63418-3A62-4C87-B37F-4A94FBDBE74B}.Release|x64.ActiveCfg = Release|Any CPU
		{37B63418-3A62-4C87-B37F-4A94FBDBE74B}.Release|x64.Build.0 = Release|Any CPU
		{37B63418-3A62-4C87-B37F-4A94FBDBE74B}.Release|x86.ActiveCfg = Release|Any CPU
		{37B63418-3A62-4C87-B37F-4A94FBDBE74B}.Release|x86.Build.0 = Release|Any CPU
		{C48A71CD-EE39-4E42-AAE5-CDA609AFA157}.Debug|Any CPU.ActiveCfg = Debug|Any CPU
		{C48A71CD-EE39-4E42-AAE5-CDA609AFA157}.Debug|Any CPU.Build.0 = Debug|Any CPU
		{C48A71CD-EE39-4E42-AAE5-CDA609AFA157}.Debug|x64.ActiveCfg = Debug|Any CPU
		{C48A71CD-EE39-4E42-AAE5-CDA609AFA157}.Debug|x64.Build.0 = Debug|Any CPU
		{C48A71CD-EE39-4E42-AAE5-CDA609AFA157}.Debug|x86.ActiveCfg = Debug|Any CPU
		{C48A71CD-EE39-4E42-AAE5-CDA609AFA157}.Debug|x86.Build.0 = Debug|Any CPU
		{C48A71CD-EE39-4E42-AAE5-CDA609AFA157}.Release|Any CPU.ActiveCfg = Release|Any CPU
		{C48A71CD-EE39-4E42-AAE5-CDA609AFA157}.Release|Any CPU.Build.0 = Release|Any CPU
		{C48A71CD-EE39-4E42-AAE5-CDA609AFA157}.Release|x64.ActiveCfg = Release|Any CPU
		{C48A71CD-EE39-4E42-AAE5-CDA609AFA157}.Release|x64.Build.0 = Release|Any CPU
		{C48A71CD-EE39-4E42-AAE5-CDA609AFA157}.Release|x86.ActiveCfg = Release|Any CPU
		{C48A71CD-EE39-4E42-AAE5-CDA609AFA157}.Release|x86.Build.0 = Release|Any CPU
	EndGlobalSection
	GlobalSection(SolutionProperties) = preSolution
		HideSolutionNode = FALSE
	EndGlobalSection
	GlobalSection(NestedProjects) = preSolution
		{981C88E2-F9A1-250F-10AE-8A1335F761B5} = {7E972F6F-9953-F664-EF02-D3FB71CACF41}
		{00262F8F-5F1D-4B02-84D1-0329D9FAC58C} = {7E972F6F-9953-F664-EF02-D3FB71CACF41}
		{E922F2AC-C6F7-4F8D-BFDA-AD8E88A7B45C} = {7E972F6F-9953-F664-EF02-D3FB71CACF41}
		{EC580483-C926-4163-B75E-D749AF45139F} = {7E972F6F-9953-F664-EF02-D3FB71CACF41}
		{6F39B2E7-4FB2-47F4-B2E4-6CAFF8C2FA99} = {7E972F6F-9953-F664-EF02-D3FB71CACF41}
		{55F8B38C-04B3-4188-855F-679C4DD3C624} = {7E972F6F-9953-F664-EF02-D3FB71CACF41}
		{37B63418-3A62-4C87-B37F-4A94FBDBE74B} = {7E972F6F-9953-F664-EF02-D3FB71CACF41}
		{C48A71CD-EE39-4E42-AAE5-CDA609AFA157} = {7E972F6F-9953-F664-EF02-D3FB71CACF41}
	EndGlobalSection
	GlobalSection(ExtensibilityGlobals) = postSolution
		SolutionGuid = {2F32B7C9-9056-4D8C-A9E0-627C2B1E00E0}
	EndGlobalSection
EndGlobal
